// !$*UTF8*$!
{
	archiveVersion = 1;
	classes = {
	};
	objectVersion = 56;
	objects = {

/* Begin PBXBuildFile section */
		2210C5E12A27955E00D3A2B9 /* VideoModel.swift in Sources */ = {isa = PBXBuildFile; fileRef = 2210C5E02A27955E00D3A2B9 /* VideoModel.swift */; };
		2210C5E32A27962A00D3A2B9 /* VideoListItemView.swift in Sources */ = {isa = PBXBuildFile; fileRef = 2210C5E22A27962A00D3A2B9 /* VideoListItemView.swift */; };
		221724542A26322500335DAC /* AnimalDetailView.swift in Sources */ = {isa = PBXBuildFile; fileRef = 221724532A26322500335DAC /* AnimalDetailView.swift */; };
		221724562A26386000335DAC /* HeadingView.swift in Sources */ = {isa = PBXBuildFile; fileRef = 221724552A26386000335DAC /* HeadingView.swift */; };
		221724582A263AC400335DAC /* InsetGalleryView.swift in Sources */ = {isa = PBXBuildFile; fileRef = 221724572A263AC400335DAC /* InsetGalleryView.swift */; };
		2217245A2A2640C300335DAC /* InsetFactView.swift in Sources */ = {isa = PBXBuildFile; fileRef = 221724592A2640C300335DAC /* InsetFactView.swift */; };
		2217245C2A26460400335DAC /* InsetMapView.swift in Sources */ = {isa = PBXBuildFile; fileRef = 2217245B2A26460400335DAC /* InsetMapView.swift */; };
		221724642A2669A000335DAC /* ExternalWeblinkView.swift in Sources */ = {isa = PBXBuildFile; fileRef = 221724632A2669A000335DAC /* ExternalWeblinkView.swift */; };
		2238BB722A24FAFE005E9B8E /* AnimalsSwiftUIApp.swift in Sources */ = {isa = PBXBuildFile; fileRef = 2238BB712A24FAFD005E9B8E /* AnimalsSwiftUIApp.swift */; };
		2238BB742A24FAFE005E9B8E /* ContentView.swift in Sources */ = {isa = PBXBuildFile; fileRef = 2238BB732A24FAFE005E9B8E /* ContentView.swift */; };
		2238BB762A24FB00005E9B8E /* Assets.xcassets in Resources */ = {isa = PBXBuildFile; fileRef = 2238BB752A24FB00005E9B8E /* Assets.xcassets */; };
		2238BB792A24FB00005E9B8E /* Preview Assets.xcassets in Resources */ = {isa = PBXBuildFile; fileRef = 2238BB782A24FB00005E9B8E /* Preview Assets.xcassets */; };
		2276886E2A250D6E003B6861 /* animals.json in Resources */ = {isa = PBXBuildFile; fileRef = 2276886A2A250D6D003B6861 /* animals.json */; };
		2276886F2A250D6E003B6861 /* covers.json in Resources */ = {isa = PBXBuildFile; fileRef = 2276886B2A250D6D003B6861 /* covers.json */; };
		227688702A250D6E003B6861 /* locations.json in Resources */ = {isa = PBXBuildFile; fileRef = 2276886C2A250D6D003B6861 /* locations.json */; };
		227688712A250D6E003B6861 /* videos.json in Resources */ = {isa = PBXBuildFile; fileRef = 2276886D2A250D6E003B6861 /* videos.json */; };
		227688752A251230003B6861 /* VideoListView.swift in Sources */ = {isa = PBXBuildFile; fileRef = 227688742A251230003B6861 /* VideoListView.swift */; };
		227688772A251256003B6861 /* MapView.swift in Sources */ = {isa = PBXBuildFile; fileRef = 227688762A251256003B6861 /* MapView.swift */; };
		227688792A251296003B6861 /* GalleryView.swift in Sources */ = {isa = PBXBuildFile; fileRef = 227688782A251296003B6861 /* GalleryView.swift */; };
		2276887B2A25133D003B6861 /* MainView.swift in Sources */ = {isa = PBXBuildFile; fileRef = 2276887A2A25133D003B6861 /* MainView.swift */; };
		2276887E2A2520E0003B6861 /* CoverImageView.swift in Sources */ = {isa = PBXBuildFile; fileRef = 2276887D2A2520E0003B6861 /* CoverImageView.swift */; };
		227688812A252369003B6861 /* CoverImageModel.swift in Sources */ = {isa = PBXBuildFile; fileRef = 227688802A252369003B6861 /* CoverImageModel.swift */; };
		227688842A2524C4003B6861 /* CodableBundleExtension.swift in Sources */ = {isa = PBXBuildFile; fileRef = 227688832A2524C4003B6861 /* CodableBundleExtension.swift */; };
		227688862A252DA5003B6861 /* AnimalListItemView.swift in Sources */ = {isa = PBXBuildFile; fileRef = 227688852A252DA5003B6861 /* AnimalListItemView.swift */; };
		227688882A2530F1003B6861 /* AnimalModel.swift in Sources */ = {isa = PBXBuildFile; fileRef = 227688872A2530F1003B6861 /* AnimalModel.swift */; };
		229E88102A27B3F40062B4AD /* VideoPlayerView.swift in Sources */ = {isa = PBXBuildFile; fileRef = 229E880F2A27B3F40062B4AD /* VideoPlayerView.swift */; };
		229E88112A27B60E0062B4AD /* cheetah.mp4 in Resources */ = {isa = PBXBuildFile; fileRef = 227688622A250C45003B6861 /* cheetah.mp4 */; };
		229E88122A27B60F0062B4AD /* elephant.mp4 in Resources */ = {isa = PBXBuildFile; fileRef = 227688662A250C45003B6861 /* elephant.mp4 */; };
		229E88132A27B60F0062B4AD /* giraffe.mp4 in Resources */ = {isa = PBXBuildFile; fileRef = 227688632A250C45003B6861 /* giraffe.mp4 */; };
		229E88142A27B60F0062B4AD /* gorilla.mp4 in Resources */ = {isa = PBXBuildFile; fileRef = 227688652A250C45003B6861 /* gorilla.mp4 */; };
		229E88152A27B60F0062B4AD /* hippo.mp4 in Resources */ = {isa = PBXBuildFile; fileRef = 2276885F2A250C44003B6861 /* hippo.mp4 */; };
		229E88162A27B60F0062B4AD /* lion.mp4 in Resources */ = {isa = PBXBuildFile; fileRef = 227688602A250C44003B6861 /* lion.mp4 */; };
		229E88172A27B60F0062B4AD /* lioness.mp4 in Resources */ = {isa = PBXBuildFile; fileRef = 227688682A250C46003B6861 /* lioness.mp4 */; };
		229E88182A27B60F0062B4AD /* ostrich.mp4 in Resources */ = {isa = PBXBuildFile; fileRef = 227688672A250C46003B6861 /* ostrich.mp4 */; };
		229E88192A27B60F0062B4AD /* rhino.mp4 in Resources */ = {isa = PBXBuildFile; fileRef = 227688642A250C45003B6861 /* rhino.mp4 */; };
		229E881A2A27B60F0062B4AD /* zebra.mp4 in Resources */ = {isa = PBXBuildFile; fileRef = 227688612A250C45003B6861 /* zebra.mp4 */; };
		229E881D2A27B71C0062B4AD /* VideoPlayerHelper.swift in Sources */ = {isa = PBXBuildFile; fileRef = 229E881C2A27B71C0062B4AD /* VideoPlayerHelper.swift */; };
/* End PBXBuildFile section */

/* Begin PBXFileReference section */
		2210C5E02A27955E00D3A2B9 /* VideoModel.swift */ = {isa = PBXFileReference; lastKnownFileType = sourcecode.swift; path = VideoModel.swift; sourceTree = "<group>"; };
		2210C5E22A27962A00D3A2B9 /* VideoListItemView.swift */ = {isa = PBXFileReference; lastKnownFileType = sourcecode.swift; path = VideoListItemView.swift; sourceTree = "<group>"; };
		221724532A26322500335DAC /* AnimalDetailView.swift */ = {isa = PBXFileReference; lastKnownFileType = sourcecode.swift; path = AnimalDetailView.swift; sourceTree = "<group>"; };
		221724552A26386000335DAC /* HeadingView.swift */ = {isa = PBXFileReference; lastKnownFileType = sourcecode.swift; path = HeadingView.swift; sourceTree = "<group>"; };
		221724572A263AC400335DAC /* InsetGalleryView.swift */ = {isa = PBXFileReference; lastKnownFileType = sourcecode.swift; path = InsetGalleryView.swift; sourceTree = "<group>"; };
		221724592A2640C300335DAC /* InsetFactView.swift */ = {isa = PBXFileReference; lastKnownFileType = sourcecode.swift; path = InsetFactView.swift; sourceTree = "<group>"; };
		2217245B2A26460400335DAC /* InsetMapView.swift */ = {isa = PBXFileReference; lastKnownFileType = sourcecode.swift; path = InsetMapView.swift; sourceTree = "<group>"; };
		221724632A2669A000335DAC /* ExternalWeblinkView.swift */ = {isa = PBXFileReference; lastKnownFileType = sourcecode.swift; path = ExternalWeblinkView.swift; sourceTree = "<group>"; };
		2238BB6E2A24FAFD005E9B8E /* AnimalsSwiftUI.app */ = {isa = PBXFileReference; explicitFileType = wrapper.application; includeInIndex = 0; path = AnimalsSwiftUI.app; sourceTree = BUILT_PRODUCTS_DIR; };
		2238BB712A24FAFD005E9B8E /* AnimalsSwiftUIApp.swift */ = {isa = PBXFileReference; lastKnownFileType = sourcecode.swift; path = AnimalsSwiftUIApp.swift; sourceTree = "<group>"; };
		2238BB732A24FAFE005E9B8E /* ContentView.swift */ = {isa = PBXFileReference; lastKnownFileType = sourcecode.swift; path = ContentView.swift; sourceTree = "<group>"; };
		2238BB752A24FB00005E9B8E /* Assets.xcassets */ = {isa = PBXFileReference; lastKnownFileType = folder.assetcatalog; path = Assets.xcassets; sourceTree = "<group>"; };
		2238BB782A24FB00005E9B8E /* Preview Assets.xcassets */ = {isa = PBXFileReference; lastKnownFileType = folder.assetcatalog; path = "Preview Assets.xcassets"; sourceTree = "<group>"; };
		2276885F2A250C44003B6861 /* hippo.mp4 */ = {isa = PBXFileReference; lastKnownFileType = file; path = hippo.mp4; sourceTree = "<group>"; };
		227688602A250C44003B6861 /* lion.mp4 */ = {isa = PBXFileReference; lastKnownFileType = file; path = lion.mp4; sourceTree = "<group>"; };
		227688612A250C45003B6861 /* zebra.mp4 */ = {isa = PBXFileReference; lastKnownFileType = file; path = zebra.mp4; sourceTree = "<group>"; };
		227688622A250C45003B6861 /* cheetah.mp4 */ = {isa = PBXFileReference; lastKnownFileType = file; path = cheetah.mp4; sourceTree = "<group>"; };
		227688632A250C45003B6861 /* giraffe.mp4 */ = {isa = PBXFileReference; lastKnownFileType = file; path = giraffe.mp4; sourceTree = "<group>"; };
		227688642A250C45003B6861 /* rhino.mp4 */ = {isa = PBXFileReference; lastKnownFileType = file; path = rhino.mp4; sourceTree = "<group>"; };
		227688652A250C45003B6861 /* gorilla.mp4 */ = {isa = PBXFileReference; lastKnownFileType = file; path = gorilla.mp4; sourceTree = "<group>"; };
		227688662A250C45003B6861 /* elephant.mp4 */ = {isa = PBXFileReference; lastKnownFileType = file; path = elephant.mp4; sourceTree = "<group>"; };
		227688672A250C46003B6861 /* ostrich.mp4 */ = {isa = PBXFileReference; lastKnownFileType = file; path = ostrich.mp4; sourceTree = "<group>"; };
		227688682A250C46003B6861 /* lioness.mp4 */ = {isa = PBXFileReference; lastKnownFileType = file; path = lioness.mp4; sourceTree = "<group>"; };
		2276886A2A250D6D003B6861 /* animals.json */ = {isa = PBXFileReference; fileEncoding = 4; lastKnownFileType = text.json; path = animals.json; sourceTree = "<group>"; };
		2276886B2A250D6D003B6861 /* covers.json */ = {isa = PBXFileReference; fileEncoding = 4; lastKnownFileType = text.json; path = covers.json; sourceTree = "<group>"; };
		2276886C2A250D6D003B6861 /* locations.json */ = {isa = PBXFileReference; fileEncoding = 4; lastKnownFileType = text.json; path = locations.json; sourceTree = "<group>"; };
		2276886D2A250D6E003B6861 /* videos.json */ = {isa = PBXFileReference; fileEncoding = 4; lastKnownFileType = text.json; path = videos.json; sourceTree = "<group>"; };
		227688722A250F72003B6861 /* Info.plist */ = {isa = PBXFileReference; lastKnownFileType = text.plist; path = Info.plist; sourceTree = "<group>"; };
		227688742A251230003B6861 /* VideoListView.swift */ = {isa = PBXFileReference; lastKnownFileType = sourcecode.swift; path = VideoListView.swift; sourceTree = "<group>"; };
		227688762A251256003B6861 /* MapView.swift */ = {isa = PBXFileReference; lastKnownFileType = sourcecode.swift; path = MapView.swift; sourceTree = "<group>"; };
		227688782A251296003B6861 /* GalleryView.swift */ = {isa = PBXFileReference; lastKnownFileType = sourcecode.swift; path = GalleryView.swift; sourceTree = "<group>"; };
		2276887A2A25133D003B6861 /* MainView.swift */ = {isa = PBXFileReference; lastKnownFileType = sourcecode.swift; path = MainView.swift; sourceTree = "<group>"; };
		2276887D2A2520E0003B6861 /* CoverImageView.swift */ = {isa = PBXFileReference; lastKnownFileType = sourcecode.swift; path = CoverImageView.swift; sourceTree = "<group>"; };
		227688802A252369003B6861 /* CoverImageModel.swift */ = {isa = PBXFileReference; lastKnownFileType = sourcecode.swift; path = CoverImageModel.swift; sourceTree = "<group>"; };
		227688832A2524C4003B6861 /* CodableBundleExtension.swift */ = {isa = PBXFileReference; lastKnownFileType = sourcecode.swift; path = CodableBundleExtension.swift; sourceTree = "<group>"; };
		227688852A252DA5003B6861 /* AnimalListItemView.swift */ = {isa = PBXFileReference; lastKnownFileType = sourcecode.swift; path = AnimalListItemView.swift; sourceTree = "<group>"; };
		227688872A2530F1003B6861 /* AnimalModel.swift */ = {isa = PBXFileReference; lastKnownFileType = sourcecode.swift; path = AnimalModel.swift; sourceTree = "<group>"; };
		229E880F2A27B3F40062B4AD /* VideoPlayerView.swift */ = {isa = PBXFileReference; lastKnownFileType = sourcecode.swift; path = VideoPlayerView.swift; sourceTree = "<group>"; };
		229E881C2A27B71C0062B4AD /* VideoPlayerHelper.swift */ = {isa = PBXFileReference; lastKnownFileType = sourcecode.swift; path = VideoPlayerHelper.swift; sourceTree = "<group>"; };
/* End PBXFileReference section */

/* Begin PBXFrameworksBuildPhase section */
		2238BB6B2A24FAFD005E9B8E /* Frameworks */ = {
			isa = PBXFrameworksBuildPhase;
			buildActionMask = 2147483647;
			files = (
			);
			runOnlyForDeploymentPostprocessing = 0;
		};
/* End PBXFrameworksBuildPhase section */

/* Begin PBXGroup section */
		2238BB652A24FAFD005E9B8E = {
			isa = PBXGroup;
			children = (
				2238BB702A24FAFD005E9B8E /* AnimalsSwiftUI */,
				2238BB6F2A24FAFD005E9B8E /* Products */,
			);
			sourceTree = "<group>";
		};
		2238BB6F2A24FAFD005E9B8E /* Products */ = {
			isa = PBXGroup;
			children = (
				2238BB6E2A24FAFD005E9B8E /* AnimalsSwiftUI.app */,
			);
			name = Products;
			sourceTree = "<group>";
		};
		2238BB702A24FAFD005E9B8E /* AnimalsSwiftUI */ = {
			isa = PBXGroup;
			children = (
				229E881B2A27B6EC0062B4AD /* Uitilities */,
				227688822A25249F003B6861 /* Extension */,
				2276887F2A252353003B6861 /* Model */,
				2276887C2A2520B1003B6861 /* View */,
				227688732A2510E9003B6861 /* App */,
				227688692A250D4C003B6861 /* Data */,
				2276885E2A250C1D003B6861 /* Video */,
				2238BB752A24FB00005E9B8E /* Assets.xcassets */,
				227688722A250F72003B6861 /* Info.plist */,
				2238BB772A24FB00005E9B8E /* Preview Content */,
			);
			path = AnimalsSwiftUI;
			sourceTree = "<group>";
		};
		2238BB772A24FB00005E9B8E /* Preview Content */ = {
			isa = PBXGroup;
			children = (
				2238BB782A24FB00005E9B8E /* Preview Assets.xcassets */,
			);
			path = "Preview Content";
			sourceTree = "<group>";
		};
		2276885E2A250C1D003B6861 /* Video */ = {
			isa = PBXGroup;
			children = (
				227688622A250C45003B6861 /* cheetah.mp4 */,
				227688662A250C45003B6861 /* elephant.mp4 */,
				227688632A250C45003B6861 /* giraffe.mp4 */,
				227688652A250C45003B6861 /* gorilla.mp4 */,
				2276885F2A250C44003B6861 /* hippo.mp4 */,
				227688602A250C44003B6861 /* lion.mp4 */,
				227688682A250C46003B6861 /* lioness.mp4 */,
				227688672A250C46003B6861 /* ostrich.mp4 */,
				227688642A250C45003B6861 /* rhino.mp4 */,
				227688612A250C45003B6861 /* zebra.mp4 */,
			);
			path = Video;
			sourceTree = "<group>";
		};
		227688692A250D4C003B6861 /* Data */ = {
			isa = PBXGroup;
			children = (
				2276886A2A250D6D003B6861 /* animals.json */,
				2276886B2A250D6D003B6861 /* covers.json */,
				2276886C2A250D6D003B6861 /* locations.json */,
				2276886D2A250D6E003B6861 /* videos.json */,
			);
			path = Data;
			sourceTree = "<group>";
		};
		227688732A2510E9003B6861 /* App */ = {
			isa = PBXGroup;
			children = (
				2238BB712A24FAFD005E9B8E /* AnimalsSwiftUIApp.swift */,
				2238BB732A24FAFE005E9B8E /* ContentView.swift */,
				227688742A251230003B6861 /* VideoListView.swift */,
				227688762A251256003B6861 /* MapView.swift */,
				227688782A251296003B6861 /* GalleryView.swift */,
				2276887A2A25133D003B6861 /* MainView.swift */,
			);
			path = App;
			sourceTree = "<group>";
		};
		2276887C2A2520B1003B6861 /* View */ = {
			isa = PBXGroup;
			children = (
				2276887D2A2520E0003B6861 /* CoverImageView.swift */,
				227688852A252DA5003B6861 /* AnimalListItemView.swift */,
				221724532A26322500335DAC /* AnimalDetailView.swift */,
				221724552A26386000335DAC /* HeadingView.swift */,
				221724572A263AC400335DAC /* InsetGalleryView.swift */,
				221724592A2640C300335DAC /* InsetFactView.swift */,
				2217245B2A26460400335DAC /* InsetMapView.swift */,
				221724632A2669A000335DAC /* ExternalWeblinkView.swift */,
				2210C5E22A27962A00D3A2B9 /* VideoListItemView.swift */,
				229E880F2A27B3F40062B4AD /* VideoPlayerView.swift */,
			);
			path = View;
			sourceTree = "<group>";
		};
		2276887F2A252353003B6861 /* Model */ = {
			isa = PBXGroup;
			children = (
				227688802A252369003B6861 /* CoverImageModel.swift */,
				227688872A2530F1003B6861 /* AnimalModel.swift */,
				2210C5E02A27955E00D3A2B9 /* VideoModel.swift */,
			);
			path = Model;
			sourceTree = "<group>";
		};
		227688822A25249F003B6861 /* Extension */ = {
			isa = PBXGroup;
			children = (
				227688832A2524C4003B6861 /* CodableBundleExtension.swift */,
			);
			path = Extension;
			sourceTree = "<group>";
		};
		229E881B2A27B6EC0062B4AD /* Uitilities */ = {
			isa = PBXGroup;
			children = (
				229E881C2A27B71C0062B4AD /* VideoPlayerHelper.swift */,
			);
			path = Uitilities;
			sourceTree = "<group>";
		};
/* End PBXGroup section */

/* Begin PBXNativeTarget section */
		2238BB6D2A24FAFD005E9B8E /* AnimalsSwiftUI */ = {
			isa = PBXNativeTarget;
			buildConfigurationList = 2238BB7C2A24FB00005E9B8E /* Build configuration list for PBXNativeTarget "AnimalsSwiftUI" */;
			buildPhases = (
				2238BB6A2A24FAFD005E9B8E /* Sources */,
				2238BB6B2A24FAFD005E9B8E /* Frameworks */,
				2238BB6C2A24FAFD005E9B8E /* Resources */,
			);
			buildRules = (
			);
			dependencies = (
			);
			name = AnimalsSwiftUI;
			productName = AnimalsSwiftUI;
			productReference = 2238BB6E2A24FAFD005E9B8E /* AnimalsSwiftUI.app */;
			productType = "com.apple.product-type.application";
		};
/* End PBXNativeTarget section */

/* Begin PBXProject section */
		2238BB662A24FAFD005E9B8E /* Project object */ = {
			isa = PBXProject;
			attributes = {
				BuildIndependentTargetsInParallel = 1;
				LastSwiftUpdateCheck = 1430;
				LastUpgradeCheck = 1430;
				TargetAttributes = {
					2238BB6D2A24FAFD005E9B8E = {
						CreatedOnToolsVersion = 14.3;
					};
				};
			};
			buildConfigurationList = 2238BB692A24FAFD005E9B8E /* Build configuration list for PBXProject "AnimalsSwiftUI" */;
			compatibilityVersion = "Xcode 14.0";
			developmentRegion = en;
			hasScannedForEncodings = 0;
			knownRegions = (
				en,
				Base,
			);
			mainGroup = 2238BB652A24FAFD005E9B8E;
			productRefGroup = 2238BB6F2A24FAFD005E9B8E /* Products */;
			projectDirPath = "";
			projectRoot = "";
			targets = (
				2238BB6D2A24FAFD005E9B8E /* AnimalsSwiftUI */,
			);
		};
/* End PBXProject section */

/* Begin PBXResourcesBuildPhase section */
		2238BB6C2A24FAFD005E9B8E /* Resources */ = {
			isa = PBXResourcesBuildPhase;
			buildActionMask = 2147483647;
			files = (
				229E88112A27B60E0062B4AD /* cheetah.mp4 in Resources */,
				229E88122A27B60F0062B4AD /* elephant.mp4 in Resources */,
				229E88132A27B60F0062B4AD /* giraffe.mp4 in Resources */,
				229E88142A27B60F0062B4AD /* gorilla.mp4 in Resources */,
				229E88152A27B60F0062B4AD /* hippo.mp4 in Resources */,
				229E88162A27B60F0062B4AD /* lion.mp4 in Resources */,
				229E88172A27B60F0062B4AD /* lioness.mp4 in Resources */,
				229E88182A27B60F0062B4AD /* ostrich.mp4 in Resources */,
				229E88192A27B60F0062B4AD /* rhino.mp4 in Resources */,
				229E881A2A27B60F0062B4AD /* zebra.mp4 in Resources */,
				2276886E2A250D6E003B6861 /* animals.json in Resources */,
				2276886F2A250D6E003B6861 /* covers.json in Resources */,
				227688702A250D6E003B6861 /* locations.json in Resources */,
				2238BB792A24FB00005E9B8E /* Preview Assets.xcassets in Resources */,
				2238BB762A24FB00005E9B8E /* Assets.xcassets in Resources */,
				227688712A250D6E003B6861 /* videos.json in Resources */,
			);
			runOnlyForDeploymentPostprocessing = 0;
		};
/* End PBXResourcesBuildPhase section */

/* Begin PBXSourcesBuildPhase section */
		2238BB6A2A24FAFD005E9B8E /* Sources */ = {
			isa = PBXSourcesBuildPhase;
			buildActionMask = 2147483647;
			files = (
				221724642A2669A000335DAC /* ExternalWeblinkView.swift in Sources */,
				2238BB742A24FAFE005E9B8E /* ContentView.swift in Sources */,
				227688862A252DA5003B6861 /* AnimalListItemView.swift in Sources */,
				2276887B2A25133D003B6861 /* MainView.swift in Sources */,
				2217245A2A2640C300335DAC /* InsetFactView.swift in Sources */,
				2276887E2A2520E0003B6861 /* CoverImageView.swift in Sources */,
				227688812A252369003B6861 /* CoverImageModel.swift in Sources */,
				221724542A26322500335DAC /* AnimalDetailView.swift in Sources */,
				227688882A2530F1003B6861 /* AnimalModel.swift in Sources */,
				227688772A251256003B6861 /* MapView.swift in Sources */,
				229E881D2A27B71C0062B4AD /* VideoPlayerHelper.swift in Sources */,
				2217245C2A26460400335DAC /* InsetMapView.swift in Sources */,
				2238BB722A24FAFE005E9B8E /* AnimalsSwiftUIApp.swift in Sources */,
				227688752A251230003B6861 /* VideoListView.swift in Sources */,
				2210C5E12A27955E00D3A2B9 /* VideoModel.swift in Sources */,
				227688792A251296003B6861 /* GalleryView.swift in Sources */,
				221724582A263AC400335DAC /* InsetGalleryView.swift in Sources */,
				2210C5E32A27962A00D3A2B9 /* VideoListItemView.swift in Sources */,
				227688842A2524C4003B6861 /* CodableBundleExtension.swift in Sources */,
				221724562A26386000335DAC /* HeadingView.swift in Sources */,
				229E88102A27B3F40062B4AD /* VideoPlayerView.swift in Sources */,
			);
			runOnlyForDeploymentPostprocessing = 0;
		};
/* End PBXSourcesBuildPhase section */

/* Begin XCBuildConfiguration section */
		2238BB7A2A24FB00005E9B8E /* Debug */ = {
			isa = XCBuildConfiguration;
			buildSettings = {
				ALWAYS_SEARCH_USER_PATHS = NO;
				CLANG_ANALYZER_NONNULL = YES;
				CLANG_ANALYZER_NUMBER_OBJECT_CONVERSION = YES_AGGRESSIVE;
				CLANG_CXX_LANGUAGE_STANDARD = "gnu++20";
				CLANG_ENABLE_MODULES = YES;
				CLANG_ENABLE_OBJC_ARC = YES;
				CLANG_ENABLE_OBJC_WEAK = YES;
				CLANG_WARN_BLOCK_CAPTURE_AUTORELEASING = YES;
				CLANG_WARN_BOOL_CONVERSION = YES;
				CLANG_WARN_COMMA = YES;
				CLANG_WARN_CONSTANT_CONVERSION = YES;
				CLANG_WARN_DEPRECATED_OBJC_IMPLEMENTATIONS = YES;
				CLANG_WARN_DIRECT_OBJC_ISA_USAGE = YES_ERROR;
				CLANG_WARN_DOCUMENTATION_COMMENTS = YES;
				CLANG_WARN_EMPTY_BODY = YES;
				CLANG_WARN_ENUM_CONVERSION = YES;
				CLANG_WARN_INFINITE_RECURSION = YES;
				CLANG_WARN_INT_CONVERSION = YES;
				CLANG_WARN_NON_LITERAL_NULL_CONVERSION = YES;
				CLANG_WARN_OBJC_IMPLICIT_RETAIN_SELF = YES;
				CLANG_WARN_OBJC_LITERAL_CONVERSION = YES;
				CLANG_WARN_OBJC_ROOT_CLASS = YES_ERROR;
				CLANG_WARN_QUOTED_INCLUDE_IN_FRAMEWORK_HEADER = YES;
				CLANG_WARN_RANGE_LOOP_ANALYSIS = YES;
				CLANG_WARN_STRICT_PROTOTYPES = YES;
				CLANG_WARN_SUSPICIOUS_MOVE = YES;
				CLANG_WARN_UNGUARDED_AVAILABILITY = YES_AGGRESSIVE;
				CLANG_WARN_UNREACHABLE_CODE = YES;
				CLANG_WARN__DUPLICATE_METHOD_MATCH = YES;
				COPY_PHASE_STRIP = NO;
				DEBUG_INFORMATION_FORMAT = dwarf;
				ENABLE_STRICT_OBJC_MSGSEND = YES;
				ENABLE_TESTABILITY = YES;
				GCC_C_LANGUAGE_STANDARD = gnu11;
				GCC_DYNAMIC_NO_PIC = NO;
				GCC_NO_COMMON_BLOCKS = YES;
				GCC_OPTIMIZATION_LEVEL = 0;
				GCC_PREPROCESSOR_DEFINITIONS = (
					"DEBUG=1",
					"$(inherited)",
				);
				GCC_WARN_64_TO_32_BIT_CONVERSION = YES;
				GCC_WARN_ABOUT_RETURN_TYPE = YES_ERROR;
				GCC_WARN_UNDECLARED_SELECTOR = YES;
				GCC_WARN_UNINITIALIZED_AUTOS = YES_AGGRESSIVE;
				GCC_WARN_UNUSED_FUNCTION = YES;
				GCC_WARN_UNUSED_VARIABLE = YES;
				IPHONEOS_DEPLOYMENT_TARGET = 15.0;
				MTL_ENABLE_DEBUG_INFO = INCLUDE_SOURCE;
				MTL_FAST_MATH = YES;
				ONLY_ACTIVE_ARCH = YES;
				SDKROOT = iphoneos;
				SWIFT_ACTIVE_COMPILATION_CONDITIONS = DEBUG;
				SWIFT_OPTIMIZATION_LEVEL = "-Onone";
			};
			name = Debug;
		};
		2238BB7B2A24FB00005E9B8E /* Release */ = {
			isa = XCBuildConfiguration;
			buildSettings = {
				ALWAYS_SEARCH_USER_PATHS = NO;
				CLANG_ANALYZER_NONNULL = YES;
				CLANG_ANALYZER_NUMBER_OBJECT_CONVERSION = YES_AGGRESSIVE;
				CLANG_CXX_LANGUAGE_STANDARD = "gnu++20";
				CLANG_ENABLE_MODULES = YES;
				CLANG_ENABLE_OBJC_ARC = YES;
				CLANG_ENABLE_OBJC_WEAK = YES;
				CLANG_WARN_BLOCK_CAPTURE_AUTORELEASING = YES;
				CLANG_WARN_BOOL_CONVERSION = YES;
				CLANG_WARN_COMMA = YES;
				CLANG_WARN_CONSTANT_CONVERSION = YES;
				CLANG_WARN_DEPRECATED_OBJC_IMPLEMENTATIONS = YES;
				CLANG_WARN_DIRECT_OBJC_ISA_USAGE = YES_ERROR;
				CLANG_WARN_DOCUMENTATION_COMMENTS = YES;
				CLANG_WARN_EMPTY_BODY = YES;
				CLANG_WARN_ENUM_CONVERSION = YES;
				CLANG_WARN_INFINITE_RECURSION = YES;
				CLANG_WARN_INT_CONVERSION = YES;
				CLANG_WARN_NON_LITERAL_NULL_CONVERSION = YES;
				CLANG_WARN_OBJC_IMPLICIT_RETAIN_SELF = YES;
				CLANG_WARN_OBJC_LITERAL_CONVERSION = YES;
				CLANG_WARN_OBJC_ROOT_CLASS = YES_ERROR;
				CLANG_WARN_QUOTED_INCLUDE_IN_FRAMEWORK_HEADER = YES;
				CLANG_WARN_RANGE_LOOP_ANALYSIS = YES;
				CLANG_WARN_STRICT_PROTOTYPES = YES;
				CLANG_WARN_SUSPICIOUS_MOVE = YES;
				CLANG_WARN_UNGUARDED_AVAILABILITY = YES_AGGRESSIVE;
				CLANG_WARN_UNREACHABLE_CODE = YES;
				CLANG_WARN__DUPLICATE_METHOD_MATCH = YES;
				COPY_PHASE_STRIP = NO;
				DEBUG_INFORMATION_FORMAT = "dwarf-with-dsym";
				ENABLE_NS_ASSERTIONS = NO;
				ENABLE_STRICT_OBJC_MSGSEND = YES;
				GCC_C_LANGUAGE_STANDARD = gnu11;
				GCC_NO_COMMON_BLOCKS = YES;
				GCC_WARN_64_TO_32_BIT_CONVERSION = YES;
				GCC_WARN_ABOUT_RETURN_TYPE = YES_ERROR;
				GCC_WARN_UNDECLARED_SELECTOR = YES;
				GCC_WARN_UNINITIALIZED_AUTOS = YES_AGGRESSIVE;
				GCC_WARN_UNUSED_FUNCTION = YES;
				GCC_WARN_UNUSED_VARIABLE = YES;
				IPHONEOS_DEPLOYMENT_TARGET = 15.0;
				MTL_ENABLE_DEBUG_INFO = NO;
				MTL_FAST_MATH = YES;
				SDKROOT = iphoneos;
				SWIFT_COMPILATION_MODE = wholemodule;
				SWIFT_OPTIMIZATION_LEVEL = "-O";
				VALIDATE_PRODUCT = YES;
			};
			name = Release;
		};
		2238BB7D2A24FB00005E9B8E /* Debug */ = {
			isa = XCBuildConfiguration;
			buildSettings = {
				ASSETCATALOG_COMPILER_APPICON_NAME = AppIcon;
				ASSETCATALOG_COMPILER_GLOBAL_ACCENT_COLOR_NAME = AccentColor;
				CODE_SIGN_STYLE = Automatic;
				CURRENT_PROJECT_VERSION = 1;
				DEVELOPMENT_ASSET_PATHS = "\"AnimalsSwiftUI/Preview Content\"";
				DEVELOPMENT_TEAM = 647MFA6TDC;
				ENABLE_PREVIEWS = YES;
				GENERATE_INFOPLIST_FILE = YES;
				INFOPLIST_FILE = AnimalsSwiftUI/Info.plist;
				INFOPLIST_KEY_UIApplicationSceneManifest_Generation = YES;
				INFOPLIST_KEY_UIApplicationSupportsIndirectInputEvents = YES;
				INFOPLIST_KEY_UISupportedInterfaceOrientations_iPad = "UIInterfaceOrientationPortrait UIInterfaceOrientationPortraitUpsideDown UIInterfaceOrientationLandscapeLeft UIInterfaceOrientationLandscapeRight";
				INFOPLIST_KEY_UISupportedInterfaceOrientations_iPhone = "UIInterfaceOrientationPortrait UIInterfaceOrientationLandscapeLeft UIInterfaceOrientationLandscapeRight";
				INFOPLIST_KEY_UIUserInterfaceStyle = Dark;
				LD_RUNPATH_SEARCH_PATHS = (
					"$(inherited)",
					"@executable_path/Frameworks",
				);
				MARKETING_VERSION = 1.0;
				PRODUCT_BUNDLE_IDENTIFIER = sevio.AnimalsSwiftUI;
				PRODUCT_NAME = "$(TARGET_NAME)";
				SWIFT_EMIT_LOC_STRINGS = YES;
				SWIFT_VERSION = 5.0;
				TARGETED_DEVICE_FAMILY = "1,2";
			};
			name = Debug;
		};
		2238BB7E2A24FB00005E9B8E /* Release */ = {
			isa = XCBuildConfiguration;
			buildSettings = {
				ASSETCATALOG_COMPILER_APPICON_NAME = AppIcon;
				ASSETCATALOG_COMPILER_GLOBAL_ACCENT_COLOR_NAME = AccentColor;
				CODE_SIGN_STYLE = Automatic;
				CURRENT_PROJECT_VERSION = 1;
				DEVELOPMENT_ASSET_PATHS = "\"AnimalsSwiftUI/Preview Content\"";
				DEVELOPMENT_TEAM = 647MFA6TDC;
				ENABLE_PREVIEWS = YES;
				GENERATE_INFOPLIST_FILE = YES;
				INFOPLIST_FILE = AnimalsSwiftUI/Info.plist;
				INFOPLIST_KEY_UIApplicationSceneManifest_Generation = YES;
				INFOPLIST_KEY_UIApplicationSupportsIndirectInputEvents = YES;
				INFOPLIST_KEY_UISupportedInterfaceOrientations_iPad = "UIInterfaceOrientationPortrait UIInterfaceOrientationPortraitUpsideDown UIInterfaceOrientationLandscapeLeft UIInterfaceOrientationLandscapeRight";
				INFOPLIST_KEY_UISupportedInterfaceOrientations_iPhone = "UIInterfaceOrientationPortrait UIInterfaceOrientationLandscapeLeft UIInterfaceOrientationLandscapeRight";
				INFOPLIST_KEY_UIUserInterfaceStyle = Dark;
				LD_RUNPATH_SEARCH_PATHS = (
					"$(inherited)",
					"@executable_path/Frameworks",
				);
				MARKETING_VERSION = 1.0;
				PRODUCT_BUNDLE_IDENTIFIER = sevio.AnimalsSwiftUI;
				PRODUCT_NAME = "$(TARGET_NAME)";
				SWIFT_EMIT_LOC_STRINGS = YES;
				SWIFT_VERSION = 5.0;
				TARGETED_DEVICE_FAMILY = "1,2";
			};
			name = Release;
		};
/* End XCBuildConfiguration section */

/* Begin XCConfigurationList section */
		2238BB692A24FAFD005E9B8E /* Build configuration list for PBXProject "AnimalsSwiftUI" */ = {
			isa = XCConfigurationList;
			buildConfigurations = (
				2238BB7A2A24FB00005E9B8E /* Debug */,
				2238BB7B2A24FB00005E9B8E /* Release */,
			);
			defaultConfigurationIsVisible = 0;
			defaultConfigurationName = Release;
		};
		2238BB7C2A24FB00005E9B8E /* Build configuration list for PBXNativeTarget "AnimalsSwiftUI" */ = {
			isa = XCConfigurationList;
			buildConfigurations = (
				2238BB7D2A24FB00005E9B8E /* Debug */,
				2238BB7E2A24FB00005E9B8E /* Release */,
			);
			defaultConfigurationIsVisible = 0;
			defaultConfigurationName = Release;
		};
/* End XCConfigurationList section */
	};
	rootObject = 2238BB662A24FAFD005E9B8E /* Project object */;
}
